
Microsoft Visual Studio Solution File, Format Version 12.00
# Visual Studio Version 17
VisualStudioVersion = 17.9.34622.214
MinimumVisualStudioVersion = 10.0.40219.1
Project("{9A19103F-16F7-4668-BE54-9A1E7A4F7556}") = "SensorApi.Api", "src\SensorApi.Api\SensorApi.Api.csproj", "{AB380AFF-9DE3-4A12-88A4-8F09722890E3}"
EndProject
Project("{9A19103F-16F7-4668-BE54-9A1E7A4F7556}") = "SensorApi.Api.Test.Unit", "src\SensorApi.Api.Test.Unit\SensorApi.Api.Test.Unit.csproj", "{CA014001-8D92-4C63-86F5-9814C700594A}"
EndProject
Project("{9A19103F-16F7-4668-BE54-9A1E7A4F7556}") = "SensorApi.Domain", "src\SensorApi.Domain\SensorApi.Domain.csproj", "{133CD65B-D1A0-4D39-A594-6391F6169AAA}"
EndProject
Project("{9A19103F-16F7-4668-BE54-9A1E7A4F7556}") = "SensorApi.Infrastructure", "src\SensorApi.Infrastructure\SensorApi.Infrastructure.csproj", "{0ED17974-DE51-4F12-9821-721EFDD10D6B}"
EndProject
Project("{E53339B2-1760-4266-BCC7-CA923CBCF16C}") = "docker-compose", "docker-compose.dcproj", "{1BADD0CE-30A4-416B-A7BD-C3FE2A48AAB0}"
EndProject
Global
	GlobalSection(SolutionConfigurationPlatforms) = preSolution
		Debug|Any CPU = Debug|Any CPU
		Release|Any CPU = Release|Any CPU
	EndGlobalSection
	GlobalSection(ProjectConfigurationPlatforms) = postSolution
		{AB380AFF-9DE3-4A12-88A4-8F09722890E3}.Debug|Any CPU.ActiveCfg = Debug|Any CPU
		{AB380AFF-9DE3-4A12-88A4-8F09722890E3}.Debug|Any CPU.Build.0 = Debug|Any CPU
		{AB380AFF-9DE3-4A12-88A4-8F09722890E3}.Release|Any CPU.ActiveCfg = Release|Any CPU
		{AB380AFF-9DE3-4A12-88A4-8F09722890E3}.Release|Any CPU.Build.0 = Release|Any CPU
		{CA014001-8D92-4C63-86F5-9814C700594A}.Debug|Any CPU.ActiveCfg = Debug|Any CPU
		{CA014001-8D92-4C63-86F5-9814C700594A}.Debug|Any CPU.Build.0 = Debug|Any CPU
		{CA014001-8D92-4C63-86F5-9814C700594A}.Release|Any CPU.ActiveCfg = Release|Any CPU
		{CA014001-8D92-4C63-86F5-9814C700594A}.Release|Any CPU.Build.0 = Release|Any CPU
		{133CD65B-D1A0-4D39-A594-6391F6169AAA}.Debug|Any CPU.ActiveCfg = Debug|Any CPU
		{133CD65B-D1A0-4D39-A594-6391F6169AAA}.Debug|Any CPU.Build.0 = Debug|Any CPU
		{133CD65B-D1A0-4D39-A594-6391F6169AAA}.Release|Any CPU.ActiveCfg = Release|Any CPU
		{133CD65B-D1A0-4D39-A594-6391F6169AAA}.Release|Any CPU.Build.0 = Release|Any CPU
		{0ED17974-DE51-4F12-9821-721EFDD10D6B}.Debug|Any CPU.ActiveCfg = Debug|Any CPU
		{0ED17974-DE51-4F12-9821-721EFDD10D6B}.Debug|Any CPU.Build.0 = Debug|Any CPU
		{0ED17974-DE51-4F12-9821-721EFDD10D6B}.Release|Any CPU.ActiveCfg = Release|Any CPU
		{0ED17974-DE51-4F12-9821-721EFDD10D6B}.Release|Any CPU.Build.0 = Release|Any CPU
		{1BADD0CE-30A4-416B-A7BD-C3FE2A48AAB0}.Debug|Any CPU.ActiveCfg = Debug|Any CPU
		{1BADD0CE-30A4-416B-A7BD-C3FE2A48AAB0}.Debug|Any CPU.Build.0 = Debug|Any CPU
		{1BADD0CE-30A4-416B-A7BD-C3FE2A48AAB0}.Release|Any CPU.ActiveCfg = Release|Any CPU
		{1BADD0CE-30A4-416B-A7BD-C3FE2A48AAB0}.Release|Any CPU.Build.0 = Release|Any CPU
	EndGlobalSection
	GlobalSection(SolutionProperties) = preSolution
		HideSolutionNode = FALSE
	EndGlobalSection
	GlobalSection(ExtensibilityGlobals) = postSolution
		SolutionGuid = {8E852934-5DD6-451A-88AA-A810A23B2AE4}
	EndGlobalSection
EndGlobal
